
Microsoft Visual Studio Solution File, Format Version 12.00
# Visual Studio Version 17
VisualStudioVersion = 17.6.33717.318
MinimumVisualStudioVersion = 10.0.40219.1
Project("{FAE04EC0-301F-11D3-BF4B-00C04F79EFBC}") = "Kutyak", "Kutyak\Kutyak.csproj", "{2DE23351-6D7B-4D66-AB80-54A0EC1BD3CB}"
EndProject
Global
	GlobalSection(SolutionConfigurationPlatforms) = preSolution
		Debug|Any CPU = Debug|Any CPU
		Release|Any CPU = Release|Any CPU
	EndGlobalSection
	GlobalSection(ProjectConfigurationPlatforms) = postSolution
		{2DE23351-6D7B-4D66-AB80-54A0EC1BD3CB}.Debug|Any CPU.ActiveCfg = Debug|Any CPU
		{2DE23351-6D7B-4D66-AB80-54A0EC1BD3CB}.Debug|Any CPU.Build.0 = Debug|Any CPU
		{2DE23351-6D7B-4D66-AB80-54A0EC1BD3CB}.Release|Any CPU.ActiveCfg = Release|Any CPU
		{2DE23351-6D7B-4D66-AB80-54A0EC1BD3CB}.Release|Any CPU.Build.0 = Release|Any CPU
	EndGlobalSection
	GlobalSection(SolutionProperties) = preSolution
		HideSolutionNode = FALSE
	EndGlobalSection
	GlobalSection(ExtensibilityGlobals) = postSolution
		SolutionGuid = {7797E6C6-E448-427D-A2F9-12A1FD8B788F}
	EndGlobalSection
EndGlobal
